{
    "_meta": {
        "hash": {
            "sha256": "b61943f1ce242ae4e2f1dea5d88ecda327d36556332f97bcf6611568ef314184"
        },
        "pipfile-spec": 6,
        "requires": {
            "python_version": "3.7"
        },
        "sources": [
            {
                "name": "pypi",
                "url": "https://pypi.org/simple",
                "verify_ssl": true
            }
        ]
    },
    "default": {
        "ply": {
            "hashes": [
                "sha256:96e94af7dd7031d8d6dd6e2a8e0de593b511c211a86e28a9c9621c275ac8bacb"
            ],
            "index": "pypi",
            "version": "==3.10"
        },
        "pydot": {
            "hashes": [
                "sha256:92d2e2d15531d00710f2d6fb5540d2acabc5399d464f2f20d5d21073af241eb6"
            ],
            "index": "pypi",
            "version": "==1.2.4"
        },
        "pyparsing": {
            "hashes": [
                "sha256:0832bcf47acd283788593e7a0f542407bd9550a55a8a8435214a1960e04bcb04",
                "sha256:fee43f17a9c4087e7ed1605bd6df994c6173c1e977d7ade7b651292fab2bd010"
            ],
            "index": "pypi",
            "version": "==2.2.0"
        }
    },
    "develop": {}
}
